# Pinned prompt templates (OWASP ASI04). Regenerate deliberately:
#   shasum -a 256 ragcore/prompts/*.jinja > prompts.lock  (keep this header)
67c6018601968a1b8b00d2c45a4a55ae1fd61e783eb590e242ed642ab5857264  ragcore/prompts/agentic_grade_answer.jinja
349ed5ba3d25f9ec37863b947662e0cdfa0c04678760148e6958fb3041f0435f  ragcore/prompts/agentic_grade_docs.jinja
e791ac1b97900b11497911be29d92235e47effae17fe2a3d399e286e9848fba5  ragcore/prompts/ask_answer.jinja
ca4cac3dd86c57bf1606e3f283d10f72a597eb5958e2aa6f7a6f25508990e53d  ragcore/prompts/ask_final.jinja
63d6ddbb6374a8adab6662426a2a238b3efc3e34005cb886136d1a4d587a92e3  ragcore/prompts/ask_strategy.jinja
161b88da31dababe6ebf3203e5ec67b9b8498384cf22fd8870707844bf87117c  ragcore/prompts/chat_answer.jinja
d82b4025800f08ef84b81a276562dcf47fc960206e00a220cc7c17970cdec2a4  ragcore/prompts/chat_reformulate.jinja
ab2c372855e1b096a159d3c79457b42a67f6ccdb0aa4945f696812802a8676c4  ragcore/prompts/graph_extract.jinja
9481b08e077351974b9978ed6befcc2e8227f08c115ba4534bbdfdea48292f14  ragcore/prompts/query_decompose.jinja
52565c7f656897b47b19e4444a4ca48cb2d95ecde048dc7dfd0b6bbe8f6d0ec0  ragcore/prompts/query_hyde.jinja
15829ac687bb621dfa3a967c6f0fd65fc3f0a8fc7f8c9a08757ca7fde998b706  ragcore/prompts/query_multi.jinja
51889dd384e6504ca1b81e45ee1ae563f03ebb4f7a5dd05f9732464ea8e83453  ragcore/prompts/structured_answer.jinja
